
Microsoft Visual Studio Solution File, Format Version 12.00
# Visual Studio Version 16
VisualStudioVersion = 16.0.30011.22
MinimumVisualStudioVersion = 10.0.40219.1
Project("{FAE04EC0-301F-11D3-BF4B-00C04F79EFBC}") = "NotePadOnCSharp", "NotePadOnCSharp\NotePadOnCSharp.csproj", "{7D247FFD-4AA6-410C-8F18-7D1474375C50}"
EndProject
Project("{FAE04EC0-301F-11D3-BF4B-00C04F79EFBC}") = "NotePadCore", "NotePadCore\NotePadCore.csproj", "{64D3845C-F294-4FBB-8E92-70BA32B325B2}"
EndProject
Global
	GlobalSection(SolutionConfigurationPlatforms) = preSolution
		Debug|Any CPU = Debug|Any CPU
		Release|Any CPU = Release|Any CPU
	EndGlobalSection
	GlobalSection(ProjectConfigurationPlatforms) = postSolution
		{7D247FFD-4AA6-410C-8F18-7D1474375C50}.Debug|Any CPU.ActiveCfg = Debug|Any CPU
		{7D247FFD-4AA6-410C-8F18-7D1474375C50}.Debug|Any CPU.Build.0 = Debug|Any CPU
		{7D247FFD-4AA6-410C-8F18-7D1474375C50}.Release|Any CPU.ActiveCfg = Release|Any CPU
		{7D247FFD-4AA6-410C-8F18-7D1474375C50}.Release|Any CPU.Build.0 = Release|Any CPU
		{64D3845C-F294-4FBB-8E92-70BA32B325B2}.Debug|Any CPU.ActiveCfg = Debug|Any CPU
		{64D3845C-F294-4FBB-8E92-70BA32B325B2}.Debug|Any CPU.Build.0 = Debug|Any CPU
		{64D3845C-F294-4FBB-8E92-70BA32B325B2}.Release|Any CPU.ActiveCfg = Release|Any CPU
		{64D3845C-F294-4FBB-8E92-70BA32B325B2}.Release|Any CPU.Build.0 = Release|Any CPU
	EndGlobalSection
	GlobalSection(SolutionProperties) = preSolution
		HideSolutionNode = FALSE
	EndGlobalSection
	GlobalSection(ExtensibilityGlobals) = postSolution
		SolutionGuid = {6BA8F84B-C69E-488A-BA4E-9456D44D437A}
	EndGlobalSection
EndGlobal
